
Microsoft Visual Studio Solution File, Format Version 12.00
# Visual Studio Version 17
VisualStudioVersion = 17.10.34916.146
MinimumVisualStudioVersion = 10.0.40219.1
Project("{9A19103F-16F7-4668-BE54-9A1E7A4F7556}") = "CMS", "Src\CMS\CMS.csproj", "{392BB743-4D12-42BC-A76C-C1D1F1314D79}"
EndProject
Project("{9A19103F-16F7-4668-BE54-9A1E7A4F7556}") = "CMS.Models", "Src\CMS.Models\CMS.Models.csproj", "{02921F63-EDC4-43CC-A703-B7B8CDCE6F37}"
EndProject
Project("{9A19103F-16F7-4668-BE54-9A1E7A4F7556}") = "CMS.ServicesManager", "Src\CMS.ServicesManager\CMS.ServicesManager.csproj", "{E2631616-B936-42DB-8369-6A4A1FB1565E}"
EndProject
Project("{9A19103F-16F7-4668-BE54-9A1E7A4F7556}") = "CMS.Services", "Src\CMS.Services\CMS.Services.csproj", "{C33B995A-0BAF-4355-8608-49012C2A99AD}"
EndProject
Project("{9A19103F-16F7-4668-BE54-9A1E7A4F7556}") = "CMS.UnitTests", "Src\CMS.UnitTests\CMS.UnitTests.csproj", "{405CB5E1-D52F-4A29-A476-8685B7DFB27A}"
EndProject
Project("{9A19103F-16F7-4668-BE54-9A1E7A4F7556}") = "CMS.AppSettings", "Src\CMS.AppSettings\CMS.AppSettings.csproj", "{203CCAC1-C38D-4FE0-9928-3E1DB83AEC27}"
EndProject
Project("{9A19103F-16F7-4668-BE54-9A1E7A4F7556}") = "CMS.ItemsContainer", "Src\CMS.ComponentsContainer\CMS.ItemsContainer.csproj", "{71C63981-DA29-43CC-B4D7-FB08C3100176}"
EndProject
Project("{FAE04EC0-301F-11D3-BF4B-00C04F79EFBC}") = "CMS.Domain", "Src\CMS.Domain\CMS.Domain.csproj", "{820B0881-3BB5-46A6-B42D-80729C6BC439}"
EndProject
Project("{FAE04EC0-301F-11D3-BF4B-00C04F79EFBC}") = "CMS.Repository", "Src\CMS.Repository\CMS.Repository.csproj", "{B6AFA771-A87E-4C47-BF3C-A73343331B3F}"
EndProject
Project("{FAE04EC0-301F-11D3-BF4B-00C04F79EFBC}") = "CMS.Context", "Src\CMS.Context\CMS.Context.csproj", "{2880D3F2-F438-45E5-8B21-E13B5CEBA580}"
EndProject
Global
	GlobalSection(SolutionConfigurationPlatforms) = preSolution
		Debug|Any CPU = Debug|Any CPU
		Release|Any CPU = Release|Any CPU
	EndGlobalSection
	GlobalSection(ProjectConfigurationPlatforms) = postSolution
		{392BB743-4D12-42BC-A76C-C1D1F1314D79}.Debug|Any CPU.ActiveCfg = Debug|Any CPU
		{392BB743-4D12-42BC-A76C-C1D1F1314D79}.Debug|Any CPU.Build.0 = Debug|Any CPU
		{392BB743-4D12-42BC-A76C-C1D1F1314D79}.Release|Any CPU.ActiveCfg = Release|Any CPU
		{392BB743-4D12-42BC-A76C-C1D1F1314D79}.Release|Any CPU.Build.0 = Release|Any CPU
		{02921F63-EDC4-43CC-A703-B7B8CDCE6F37}.Debug|Any CPU.ActiveCfg = Debug|Any CPU
		{02921F63-EDC4-43CC-A703-B7B8CDCE6F37}.Debug|Any CPU.Build.0 = Debug|Any CPU
		{02921F63-EDC4-43CC-A703-B7B8CDCE6F37}.Release|Any CPU.ActiveCfg = Release|Any CPU
		{02921F63-EDC4-43CC-A703-B7B8CDCE6F37}.Release|Any CPU.Build.0 = Release|Any CPU
		{E2631616-B936-42DB-8369-6A4A1FB1565E}.Debug|Any CPU.ActiveCfg = Debug|Any CPU
		{E2631616-B936-42DB-8369-6A4A1FB1565E}.Debug|Any CPU.Build.0 = Debug|Any CPU
		{E2631616-B936-42DB-8369-6A4A1FB1565E}.Release|Any CPU.ActiveCfg = Release|Any CPU
		{E2631616-B936-42DB-8369-6A4A1FB1565E}.Release|Any CPU.Build.0 = Release|Any CPU
		{C33B995A-0BAF-4355-8608-49012C2A99AD}.Debug|Any CPU.ActiveCfg = Debug|Any CPU
		{C33B995A-0BAF-4355-8608-49012C2A99AD}.Debug|Any CPU.Build.0 = Debug|Any CPU
		{C33B995A-0BAF-4355-8608-49012C2A99AD}.Release|Any CPU.ActiveCfg = Release|Any CPU
		{C33B995A-0BAF-4355-8608-49012C2A99AD}.Release|Any CPU.Build.0 = Release|Any CPU
		{405CB5E1-D52F-4A29-A476-8685B7DFB27A}.Debug|Any CPU.ActiveCfg = Debug|Any CPU
		{405CB5E1-D52F-4A29-A476-8685B7DFB27A}.Debug|Any CPU.Build.0 = Debug|Any CPU
		{405CB5E1-D52F-4A29-A476-8685B7DFB27A}.Release|Any CPU.ActiveCfg = Release|Any CPU
		{405CB5E1-D52F-4A29-A476-8685B7DFB27A}.Release|Any CPU.Build.0 = Release|Any CPU
		{203CCAC1-C38D-4FE0-9928-3E1DB83AEC27}.Debug|Any CPU.ActiveCfg = Debug|Any CPU
		{203CCAC1-C38D-4FE0-9928-3E1DB83AEC27}.Debug|Any CPU.Build.0 = Debug|Any CPU
		{203CCAC1-C38D-4FE0-9928-3E1DB83AEC27}.Release|Any CPU.ActiveCfg = Release|Any CPU
		{203CCAC1-C38D-4FE0-9928-3E1DB83AEC27}.Release|Any CPU.Build.0 = Release|Any CPU
		{71C63981-DA29-43CC-B4D7-FB08C3100176}.Debug|Any CPU.ActiveCfg = Debug|Any CPU
		{71C63981-DA29-43CC-B4D7-FB08C3100176}.Debug|Any CPU.Build.0 = Debug|Any CPU
		{71C63981-DA29-43CC-B4D7-FB08C3100176}.Release|Any CPU.ActiveCfg = Release|Any CPU
		{71C63981-DA29-43CC-B4D7-FB08C3100176}.Release|Any CPU.Build.0 = Release|Any CPU
		{820B0881-3BB5-46A6-B42D-80729C6BC439}.Debug|Any CPU.ActiveCfg = Debug|Any CPU
		{820B0881-3BB5-46A6-B42D-80729C6BC439}.Debug|Any CPU.Build.0 = Debug|Any CPU
		{820B0881-3BB5-46A6-B42D-80729C6BC439}.Release|Any CPU.ActiveCfg = Release|Any CPU
		{820B0881-3BB5-46A6-B42D-80729C6BC439}.Release|Any CPU.Build.0 = Release|Any CPU
		{B6AFA771-A87E-4C47-BF3C-A73343331B3F}.Debug|Any CPU.ActiveCfg = Debug|Any CPU
		{B6AFA771-A87E-4C47-BF3C-A73343331B3F}.Debug|Any CPU.Build.0 = Debug|Any CPU
		{B6AFA771-A87E-4C47-BF3C-A73343331B3F}.Release|Any CPU.ActiveCfg = Release|Any CPU
		{B6AFA771-A87E-4C47-BF3C-A73343331B3F}.Release|Any CPU.Build.0 = Release|Any CPU
		{2880D3F2-F438-45E5-8B21-E13B5CEBA580}.Debug|Any CPU.ActiveCfg = Debug|Any CPU
		{2880D3F2-F438-45E5-8B21-E13B5CEBA580}.Debug|Any CPU.Build.0 = Debug|Any CPU
		{2880D3F2-F438-45E5-8B21-E13B5CEBA580}.Release|Any CPU.ActiveCfg = Release|Any CPU
		{2880D3F2-F438-45E5-8B21-E13B5CEBA580}.Release|Any CPU.Build.0 = Release|Any CPU
	EndGlobalSection
	GlobalSection(SolutionProperties) = preSolution
		HideSolutionNode = FALSE
	EndGlobalSection
	GlobalSection(ExtensibilityGlobals) = postSolution
		SolutionGuid = {5E181A32-05B0-4B66-91A8-0AD64E83D2C4}
	EndGlobalSection
EndGlobal
